<?xml version="1.0" encoding="UTF-8"?>
<CONFIG>
  <ProjectOptions>
    <Version Value="12"/>
    <PathDelim Value="\"/>
    <General>
      <SessionStorage Value="InProjectDir"/>
      <Title Value="prjCirclePhysics"/>
      <Scaled Value="True"/>
      <ResourceType Value="res"/>
      <UseXPManifest Value="True"/>
      <XPManifest>
        <DpiAware Value="True"/>
      </XPManifest>
      <Icon Value="0"/>
    </General>
    <BuildModes>
      <Item Name="Default" Default="True"/>
    </BuildModes>
    <PublishOptions>
      <Version Value="2"/>
      <UseFileFilters Value="True"/>
    </PublishOptions>
    <RunParams>
      <FormatVersion Value="2"/>
    </RunParams>
    <RequiredPackages>
      <Item>
        <PackageName Value="bgracontrols"/>
      </Item>
      <Item>
        <PackageName Value="bgragames"/>
      </Item>
      <Item>
        <PackageName Value="TAChartLazarusPkg"/>
      </Item>
      <Item>
        <PackageName Value="LCL"/>
      </Item>
    </RequiredPackages>
    <Units>
      <Unit>
        <Filename Value="prjCirclePhysics.lpr"/>
        <IsPartOfProject Value="True"/>
      </Unit>
      <Unit>
        <Filename Value="frmcirclephysicsmain.pas"/>
        <IsPartOfProject Value="True"/>
        <ComponentName Value="Form1"/>
        <HasResources Value="True"/>
        <ResourceBaseClass Value="Form"/>
        <UnitName Value="frmCirclePhysicsMain"/>
      </Unit>
      <Unit>
        <Filename Value="uncirclephysics.pas"/>
        <IsPartOfProject Value="True"/>
        <UnitName Value="unCirclePhysics"/>
      </Unit>
      <Unit>
        <Filename Value="uncirclephysicsconstants.pas"/>
        <IsPartOfProject Value="True"/>
      </Unit>
      <Unit>
        <Filename Value="unhelperinterfaces.pas"/>
        <IsPartOfProject Value="True"/>
        <UnitName Value="unHelperInterfaces"/>
      </Unit>
      <Unit>
        <Filename Value="unothercircles.pas"/>
        <IsPartOfProject Value="True"/>
        <UnitName Value="unOtherCircles"/>
      </Unit>
      <Unit>
        <Filename Value="Controls\unangleselectorcontrol.pas"/>
        <IsPartOfProject Value="True"/>
        <UnitName Value="unAngleSelectorControl"/>
      </Unit>
      <Unit>
        <Filename Value="Controls\unboardrenderer.pas"/>
        <IsPartOfProject Value="True"/>
        <UnitName Value="unBoardRenderer"/>
      </Unit>
      <Unit>
        <Filename Value="Controls\ungameboard.pas"/>
        <IsPartOfProject Value="True"/>
        <UnitName Value="unGameBoard"/>
      </Unit>
      <Unit>
        <Filename Value="unballsinmotion.pas"/>
        <IsPartOfProject Value="True"/>
        <UnitName Value="unBallsInMotion"/>
      </Unit>
      <Unit>
        <Filename Value="uncollisiontypes.pas"/>
        <IsPartOfProject Value="True"/>
      </Unit>
      <Unit>
        <Filename Value="uncollisiondetection.pas"/>
        <IsPartOfProject Value="True"/>
        <UnitName Value="unCollisionDetection"/>
      </Unit>
      <Unit>
        <Filename Value="unpathpartimplementation.pas"/>
        <IsPartOfProject Value="True"/>
        <UnitName Value="unPathPartImplementation"/>
      </Unit>
      <Unit>
        <Filename Value="untimesliceimpl.pas"/>
        <IsPartOfProject Value="True"/>
        <UnitName Value="unTimesliceImpl"/>
      </Unit>
      <Unit>
        <Filename Value="uncircleutils.pas"/>
        <IsPartOfProject Value="True"/>
        <UnitName Value="unCircleUtils"/>
      </Unit>
      <Unit>
        <Filename Value="unscreencircles.pas"/>
        <IsPartOfProject Value="True"/>
        <UnitName Value="unScreenCircles"/>
      </Unit>
    </Units>
  </ProjectOptions>
  <CompilerOptions>
    <Version Value="11"/>
    <PathDelim Value="\"/>
    <Target>
      <Filename Value="prjCirclePhysics"/>
    </Target>
    <SearchPaths>
      <IncludeFiles Value="$(ProjOutDir)"/>
      <OtherUnitFiles Value="Controls"/>
      <UnitOutputDirectory Value="lib\$(TargetCPU)-$(TargetOS)"/>
    </SearchPaths>
    <CodeGeneration>
      <TargetCPU Value="x86_64"/>
      <TargetOS Value="win64"/>
      <Optimizations>
        <OptimizationLevel Value="0"/>
      </Optimizations>
    </CodeGeneration>
    <Linking>
      <Debugging>
        <DebugInfoType Value="dsDwarf3"/>
      </Debugging>
      <Options>
        <Win32>
          <GraphicApplication Value="True"/>
        </Win32>
      </Options>
    </Linking>
  </CompilerOptions>
  <Debugging>
    <Exceptions>
      <Item>
        <Name Value="EAbort"/>
      </Item>
      <Item>
        <Name Value="ECodetoolError"/>
      </Item>
      <Item>
        <Name Value="EFOpenError"/>
      </Item>
    </Exceptions>
  </Debugging>
</CONFIG>
